// !$*UTF8*$!
{
	archiveVersion = 1;
	classes = {
	};
	objectVersion = 50;
	objects = {

/* Begin PBXBuildFile section */
		D27095B523BDD57E00FDA3E8 /* AppDelegate.swift in Sources */ = {isa = PBXBuildFile; fileRef = D27095B423BDD57E00FDA3E8 /* AppDelegate.swift */; };
		D27095B723BDD57E00FDA3E8 /* SceneDelegate.swift in Sources */ = {isa = PBXBuildFile; fileRef = D27095B623BDD57E00FDA3E8 /* SceneDelegate.swift */; };
		D27095B923BDD57E00FDA3E8 /* ContentView.swift in Sources */ = {isa = PBXBuildFile; fileRef = D27095B823BDD57E00FDA3E8 /* ContentView.swift */; };
		D27095BB23BDD58100FDA3E8 /* Assets.xcassets in Resources */ = {isa = PBXBuildFile; fileRef = D27095BA23BDD58100FDA3E8 /* Assets.xcassets */; };
		D27095BE23BDD58100FDA3E8 /* Preview Assets.xcassets in Resources */ = {isa = PBXBuildFile; fileRef = D27095BD23BDD58100FDA3E8 /* Preview Assets.xcassets */; };
		D27095C123BDD58100FDA3E8 /* LaunchScreen.storyboard in Resources */ = {isa = PBXBuildFile; fileRef = D27095BF23BDD58100FDA3E8 /* LaunchScreen.storyboard */; };
		D27095CC23BDD58100FDA3E8 /* demo3Tests.swift in Sources */ = {isa = PBXBuildFile; fileRef = D27095CB23BDD58100FDA3E8 /* demo3Tests.swift */; };
		D27095D723BDD58100FDA3E8 /* demo3UITests.swift in Sources */ = {isa = PBXBuildFile; fileRef = D27095D623BDD58100FDA3E8 /* demo3UITests.swift */; };
		D27095E623BDD82500FDA3E8 /* coffee.swift in Sources */ = {isa = PBXBuildFile; fileRef = D27095E523BDD82500FDA3E8 /* coffee.swift */; };
		D27095E823BDE6E400FDA3E8 /* coffeeDetail.swift in Sources */ = {isa = PBXBuildFile; fileRef = D27095E723BDE6E400FDA3E8 /* coffeeDetail.swift */; };
/* End PBXBuildFile section */

/* Begin PBXContainerItemProxy section */
		D27095C823BDD58100FDA3E8 /* PBXContainerItemProxy */ = {
			isa = PBXContainerItemProxy;
			containerPortal = D27095A923BDD57E00FDA3E8 /* Project object */;
			proxyType = 1;
			remoteGlobalIDString = D27095B023BDD57E00FDA3E8;
			remoteInfo = demo3;
		};
		D27095D323BDD58100FDA3E8 /* PBXContainerItemProxy */ = {
			isa = PBXContainerItemProxy;
			containerPortal = D27095A923BDD57E00FDA3E8 /* Project object */;
			proxyType = 1;
			remoteGlobalIDString = D27095B023BDD57E00FDA3E8;
			remoteInfo = demo3;
		};
/* End PBXContainerItemProxy section */

/* Begin PBXFileReference section */
		D27095B123BDD57E00FDA3E8 /* demo3.app */ = {isa = PBXFileReference; explicitFileType = wrapper.application; includeInIndex = 0; path = demo3.app; sourceTree = BUILT_PRODUCTS_DIR; };
		D27095B423BDD57E00FDA3E8 /* AppDelegate.swift */ = {isa = PBXFileReference; lastKnownFileType = sourcecode.swift; path = AppDelegate.swift; sourceTree = "<group>"; };
		D27095B623BDD57E00FDA3E8 /* SceneDelegate.swift */ = {isa = PBXFileReference; lastKnownFileType = sourcecode.swift; path = SceneDelegate.swift; sourceTree = "<group>"; };
		D27095B823BDD57E00FDA3E8 /* ContentView.swift */ = {isa = PBXFileReference; lastKnownFileType = sourcecode.swift; path = ContentView.swift; sourceTree = "<group>"; };
		D27095BA23BDD58100FDA3E8 /* Assets.xcassets */ = {isa = PBXFileReference; lastKnownFileType = folder.assetcatalog; path = Assets.xcassets; sourceTree = "<group>"; };
		D27095BD23BDD58100FDA3E8 /* Preview Assets.xcassets */ = {isa = PBXFileReference; lastKnownFileType = folder.assetcatalog; path = "Preview Assets.xcassets"; sourceTree = "<group>"; };
		D27095C023BDD58100FDA3E8 /* Base */ = {isa = PBXFileReference; lastKnownFileType = file.storyboard; name = Base; path = Base.lproj/LaunchScreen.storyboard; sourceTree = "<group>"; };
		D27095C223BDD58100FDA3E8 /* Info.plist */ = {isa = PBXFileReference; lastKnownFileType = text.plist.xml; path = Info.plist; sourceTree = "<group>"; };
		D27095C723BDD58100FDA3E8 /* demo3Tests.xctest */ = {isa = PBXFileReference; explicitFileType = wrapper.cfbundle; includeInIndex = 0; path = demo3Tests.xctest; sourceTree = BUILT_PRODUCTS_DIR; };
		D27095CB23BDD58100FDA3E8 /* demo3Tests.swift */ = {isa = PBXFileReference; lastKnownFileType = sourcecode.swift; path = demo3Tests.swift; sourceTree = "<group>"; };
		D27095CD23BDD58100FDA3E8 /* Info.plist */ = {isa = PBXFileReference; lastKnownFileType = text.plist.xml; path = Info.plist; sourceTree = "<group>"; };
		D27095D223BDD58100FDA3E8 /* demo3UITests.xctest */ = {isa = PBXFileReference; explicitFileType = wrapper.cfbundle; includeInIndex = 0; path = demo3UITests.xctest; sourceTree = BUILT_PRODUCTS_DIR; };
		D27095D623BDD58100FDA3E8 /* demo3UITests.swift */ = {isa = PBXFileReference; lastKnownFileType = sourcecode.swift; path = demo3UITests.swift; sourceTree = "<group>"; };
		D27095D823BDD58100FDA3E8 /* Info.plist */ = {isa = PBXFileReference; lastKnownFileType = text.plist.xml; path = Info.plist; sourceTree = "<group>"; };
		D27095E523BDD82500FDA3E8 /* coffee.swift */ = {isa = PBXFileReference; lastKnownFileType = sourcecode.swift; path = coffee.swift; sourceTree = "<group>"; };
		D27095E723BDE6E400FDA3E8 /* coffeeDetail.swift */ = {isa = PBXFileReference; lastKnownFileType = sourcecode.swift; path = coffeeDetail.swift; sourceTree = "<group>"; };
/* End PBXFileReference section */

/* Begin PBXFrameworksBuildPhase section */
		D27095AE23BDD57E00FDA3E8 /* Frameworks */ = {
			isa = PBXFrameworksBuildPhase;
			buildActionMask = 2147483647;
			files = (
			);
			runOnlyForDeploymentPostprocessing = 0;
		};
		D27095C423BDD58100FDA3E8 /* Frameworks */ = {
			isa = PBXFrameworksBuildPhase;
			buildActionMask = 2147483647;
			files = (
			);
			runOnlyForDeploymentPostprocessing = 0;
		};
		D27095CF23BDD58100FDA3E8 /* Frameworks */ = {
			isa = PBXFrameworksBuildPhase;
			buildActionMask = 2147483647;
			files = (
			);
			runOnlyForDeploymentPostprocessing = 0;
		};
/* End PBXFrameworksBuildPhase section */

/* Begin PBXGroup section */
		D27095A823BDD57E00FDA3E8 = {
			isa = PBXGroup;
			children = (
				D27095B323BDD57E00FDA3E8 /* demo3 */,
				D27095CA23BDD58100FDA3E8 /* demo3Tests */,
				D27095D523BDD58100FDA3E8 /* demo3UITests */,
				D27095B223BDD57E00FDA3E8 /* Products */,
			);
			sourceTree = "<group>";
		};
		D27095B223BDD57E00FDA3E8 /* Products */ = {
			isa = PBXGroup;
			children = (
				D27095B123BDD57E00FDA3E8 /* demo3.app */,
				D27095C723BDD58100FDA3E8 /* demo3Tests.xctest */,
				D27095D223BDD58100FDA3E8 /* demo3UITests.xctest */,
			);
			name = Products;
			sourceTree = "<group>";
		};
		D27095B323BDD57E00FDA3E8 /* demo3 */ = {
			isa = PBXGroup;
			children = (
				D27095E423BDD80400FDA3E8 /* view modules */,
				D27095B423BDD57E00FDA3E8 /* AppDelegate.swift */,
				D27095B623BDD57E00FDA3E8 /* SceneDelegate.swift */,
				D27095B823BDD57E00FDA3E8 /* ContentView.swift */,
				D27095BA23BDD58100FDA3E8 /* Assets.xcassets */,
				D27095BF23BDD58100FDA3E8 /* LaunchScreen.storyboard */,
				D27095C223BDD58100FDA3E8 /* Info.plist */,
				D27095BC23BDD58100FDA3E8 /* Preview Content */,
			);
			path = demo3;
			sourceTree = "<group>";
		};
		D27095BC23BDD58100FDA3E8 /* Preview Content */ = {
			isa = PBXGroup;
			children = (
				D27095BD23BDD58100FDA3E8 /* Preview Assets.xcassets */,
			);
			path = "Preview Content";
			sourceTree = "<group>";
		};
		D27095CA23BDD58100FDA3E8 /* demo3Tests */ = {
			isa = PBXGroup;
			children = (
				D27095CB23BDD58100FDA3E8 /* demo3Tests.swift */,
				D27095CD23BDD58100FDA3E8 /* Info.plist */,
			);
			path = demo3Tests;
			sourceTree = "<group>";
		};
		D27095D523BDD58100FDA3E8 /* demo3UITests */ = {
			isa = PBXGroup;
			children = (
				D27095D623BDD58100FDA3E8 /* demo3UITests.swift */,
				D27095D823BDD58100FDA3E8 /* Info.plist */,
			);
			path = demo3UITests;
			sourceTree = "<group>";
		};
		D27095E423BDD80400FDA3E8 /* view modules */ = {
			isa = PBXGroup;
			children = (
				D27095E523BDD82500FDA3E8 /* coffee.swift */,
				D27095E723BDE6E400FDA3E8 /* coffeeDetail.swift */,
			);
			path = "view modules";
			sourceTree = "<group>";
		};
/* End PBXGroup section */

/* Begin PBXNativeTarget section */
		D27095B023BDD57E00FDA3E8 /* demo3 */ = {
			isa = PBXNativeTarget;
			buildConfigurationList = D27095DB23BDD58100FDA3E8 /* Build configuration list for PBXNativeTarget "demo3" */;
			buildPhases = (
				D27095AD23BDD57E00FDA3E8 /* Sources */,
				D27095AE23BDD57E00FDA3E8 /* Frameworks */,
				D27095AF23BDD57E00FDA3E8 /* Resources */,
			);
			buildRules = (
			);
			dependencies = (
			);
			name = demo3;
			productName = demo3;
			productReference = D27095B123BDD57E00FDA3E8 /* demo3.app */;
			productType = "com.apple.product-type.application";
		};
		D27095C623BDD58100FDA3E8 /* demo3Tests */ = {
			isa = PBXNativeTarget;
			buildConfigurationList = D27095DE23BDD58100FDA3E8 /* Build configuration list for PBXNativeTarget "demo3Tests" */;
			buildPhases = (
				D27095C323BDD58100FDA3E8 /* Sources */,
				D27095C423BDD58100FDA3E8 /* Frameworks */,
				D27095C523BDD58100FDA3E8 /* Resources */,
			);
			buildRules = (
			);
			dependencies = (
				D27095C923BDD58100FDA3E8 /* PBXTargetDependency */,
			);
			name = demo3Tests;
			productName = demo3Tests;
			productReference = D27095C723BDD58100FDA3E8 /* demo3Tests.xctest */;
			productType = "com.apple.product-type.bundle.unit-test";
		};
		D27095D123BDD58100FDA3E8 /* demo3UITests */ = {
			isa = PBXNativeTarget;
			buildConfigurationList = D27095E123BDD58100FDA3E8 /* Build configuration list for PBXNativeTarget "demo3UITests" */;
			buildPhases = (
				D27095CE23BDD58100FDA3E8 /* Sources */,
				D27095CF23BDD58100FDA3E8 /* Frameworks */,
				D27095D023BDD58100FDA3E8 /* Resources */,
			);
			buildRules = (
			);
			dependencies = (
				D27095D423BDD58100FDA3E8 /* PBXTargetDependency */,
			);
			name = demo3UITests;
			productName = demo3UITests;
			productReference = D27095D223BDD58100FDA3E8 /* demo3UITests.xctest */;
			productType = "com.apple.product-type.bundle.ui-testing";
		};
/* End PBXNativeTarget section */

/* Begin PBXProject section */
		D27095A923BDD57E00FDA3E8 /* Project object */ = {
			isa = PBXProject;
			attributes = {
				LastSwiftUpdateCheck = 1130;
				LastUpgradeCheck = 1130;
				ORGANIZATIONNAME = "yw c";
				TargetAttributes = {
					D27095B023BDD57E00FDA3E8 = {
						CreatedOnToolsVersion = 11.3;
					};
					D27095C623BDD58100FDA3E8 = {
						CreatedOnToolsVersion = 11.3;
						TestTargetID = D27095B023BDD57E00FDA3E8;
					};
					D27095D123BDD58100FDA3E8 = {
						CreatedOnToolsVersion = 11.3;
						TestTargetID = D27095B023BDD57E00FDA3E8;
					};
				};
			};
			buildConfigurationList = D27095AC23BDD57E00FDA3E8 /* Build configuration list for PBXProject "demo3" */;
			compatibilityVersion = "Xcode 9.3";
			developmentRegion = en;
			hasScannedForEncodings = 0;
			knownRegions = (
				en,
				Base,
			);
			mainGroup = D27095A823BDD57E00FDA3E8;
			productRefGroup = D27095B223BDD57E00FDA3E8 /* Products */;
			projectDirPath = "";
			projectRoot = "";
			targets = (
				D27095B023BDD57E00FDA3E8 /* demo3 */,
				D27095C623BDD58100FDA3E8 /* demo3Tests */,
				D27095D123BDD58100FDA3E8 /* demo3UITests */,
			);
		};
/* End PBXProject section */

/* Begin PBXResourcesBuildPhase section */
		D27095AF23BDD57E00FDA3E8 /* Resources */ = {
			isa = PBXResourcesBuildPhase;
			buildActionMask = 2147483647;
			files = (
				D27095C123BDD58100FDA3E8 /* LaunchScreen.storyboard in Resources */,
				D27095BE23BDD58100FDA3E8 /* Preview Assets.xcassets in Resources */,
				D27095BB23BDD58100FDA3E8 /* Assets.xcassets in Resources */,
			);
			runOnlyForDeploymentPostprocessing = 0;
		};
		D27095C523BDD58100FDA3E8 /* Resources */ = {
			isa = PBXResourcesBuildPhase;
			buildActionMask = 2147483647;
			files = (
			);
			runOnlyForDeploymentPostprocessing = 0;
		};
		D27095D023BDD58100FDA3E8 /* Resources */ = {
			isa = PBXResourcesBuildPhase;
			buildActionMask = 2147483647;
			files = (
			);
			runOnlyForDeploymentPostprocessing = 0;
		};
/* End PBXResourcesBuildPhase section */

/* Begin PBXSourcesBuildPhase section */
		D27095AD23BDD57E00FDA3E8 /* Sources */ = {
			isa = PBXSourcesBuildPhase;
			buildActionMask = 2147483647;
			files = (
				D27095E823BDE6E400FDA3E8 /* coffeeDetail.swift in Sources */,
				D27095B523BDD57E00FDA3E8 /* AppDelegate.swift in Sources */,
				D27095B723BDD57E00FDA3E8 /* SceneDelegate.swift in Sources */,
				D27095B923BDD57E00FDA3E8 /* ContentView.swift in Sources */,
				D27095E623BDD82500FDA3E8 /* coffee.swift in Sources */,
			);
			runOnlyForDeploymentPostprocessing = 0;
		};
		D27095C323BDD58100FDA3E8 /* Sources */ = {
			isa = PBXSourcesBuildPhase;
			buildActionMask = 2147483647;
			files = (
				D27095CC23BDD58100FDA3E8 /* demo3Tests.swift in Sources */,
			);
			runOnlyForDeploymentPostprocessing = 0;
		};
		D27095CE23BDD58100FDA3E8 /* Sources */ = {
			isa = PBXSourcesBuildPhase;
			buildActionMask = 2147483647;
			files = (
				D27095D723BDD58100FDA3E8 /* demo3UITests.swift in Sources */,
			);
			runOnlyForDeploymentPostprocessing = 0;
		};
/* End PBXSourcesBuildPhase section */

/* Begin PBXTargetDependency section */
		D27095C923BDD58100FDA3E8 /* PBXTargetDependency */ = {
			isa = PBXTargetDependency;
			target = D27095B023BDD57E00FDA3E8 /* demo3 */;
			targetProxy = D27095C823BDD58100FDA3E8 /* PBXContainerItemProxy */;
		};
		D27095D423BDD58100FDA3E8 /* PBXTargetDependency */ = {
			isa = PBXTargetDependency;
			target = D27095B023BDD57E00FDA3E8 /* demo3 */;
			targetProxy = D27095D323BDD58100FDA3E8 /* PBXContainerItemProxy */;
		};
/* End PBXTargetDependency section */

/* Begin PBXVariantGroup section */
		D27095BF23BDD58100FDA3E8 /* LaunchScreen.storyboard */ = {
			isa = PBXVariantGroup;
			children = (
				D27095C023BDD58100FDA3E8 /* Base */,
			);
			name = LaunchScreen.storyboard;
			sourceTree = "<group>";
		};
/* End PBXVariantGroup section */

/* Begin XCBuildConfiguration section */
		D27095D923BDD58100FDA3E8 /* Debug */ = {
			isa = XCBuildConfiguration;
			buildSettings = {
				ALWAYS_SEARCH_USER_PATHS = NO;
				CLANG_ANALYZER_NONNULL = YES;
				CLANG_ANALYZER_NUMBER_OBJECT_CONVERSION = YES_AGGRESSIVE;
				CLANG_CXX_LANGUAGE_STANDARD = "gnu++14";
				CLANG_CXX_LIBRARY = "libc++";
				CLANG_ENABLE_MODULES = YES;
				CLANG_ENABLE_OBJC_ARC = YES;
				CLANG_ENABLE_OBJC_WEAK = YES;
				CLANG_WARN_BLOCK_CAPTURE_AUTORELEASING = YES;
				CLANG_WARN_BOOL_CONVERSION = YES;
				CLANG_WARN_COMMA = YES;
				CLANG_WARN_CONSTANT_CONVERSION = YES;
				CLANG_WARN_DEPRECATED_OBJC_IMPLEMENTATIONS = YES;
				CLANG_WARN_DIRECT_OBJC_ISA_USAGE = YES_ERROR;
				CLANG_WARN_DOCUMENTATION_COMMENTS = YES;
				CLANG_WARN_EMPTY_BODY = YES;
				CLANG_WARN_ENUM_CONVERSION = YES;
				CLANG_WARN_INFINITE_RECURSION = YES;
				CLANG_WARN_INT_CONVERSION = YES;
				CLANG_WARN_NON_LITERAL_NULL_CONVERSION = YES;
				CLANG_WARN_OBJC_IMPLICIT_RETAIN_SELF = YES;
				CLANG_WARN_OBJC_LITERAL_CONVERSION = YES;
				CLANG_WARN_OBJC_ROOT_CLASS = YES_ERROR;
				CLANG_WARN_RANGE_LOOP_ANALYSIS = YES;
				CLANG_WARN_STRICT_PROTOTYPES = YES;
				CLANG_WARN_SUSPICIOUS_MOVE = YES;
				CLANG_WARN_UNGUARDED_AVAILABILITY = YES_AGGRESSIVE;
				CLANG_WARN_UNREACHABLE_CODE = YES;
				CLANG_WARN__DUPLICATE_METHOD_MATCH = YES;
				COPY_PHASE_STRIP = NO;
				DEBUG_INFORMATION_FORMAT = dwarf;
				ENABLE_STRICT_OBJC_MSGSEND = YES;
				ENABLE_TESTABILITY = YES;
				GCC_C_LANGUAGE_STANDARD = gnu11;
				GCC_DYNAMIC_NO_PIC = NO;
				GCC_NO_COMMON_BLOCKS = YES;
				GCC_OPTIMIZATION_LEVEL = 0;
				GCC_PREPROCESSOR_DEFINITIONS = (
					"DEBUG=1",
					"$(inherited)",
				);
				GCC_WARN_64_TO_32_BIT_CONVERSION = YES;
				GCC_WARN_ABOUT_RETURN_TYPE = YES_ERROR;
				GCC_WARN_UNDECLARED_SELECTOR = YES;
				GCC_WARN_UNINITIALIZED_AUTOS = YES_AGGRESSIVE;
				GCC_WARN_UNUSED_FUNCTION = YES;
				GCC_WARN_UNUSED_VARIABLE = YES;
				IPHONEOS_DEPLOYMENT_TARGET = 13.2;
				MTL_ENABLE_DEBUG_INFO = INCLUDE_SOURCE;
				MTL_FAST_MATH = YES;
				ONLY_ACTIVE_ARCH = YES;
				SDKROOT = iphoneos;
				SWIFT_ACTIVE_COMPILATION_CONDITIONS = DEBUG;
				SWIFT_OPTIMIZATION_LEVEL = "-Onone";
			};
			name = Debug;
		};
		D27095DA23BDD58100FDA3E8 /* Release */ = {
			isa = XCBuildConfiguration;
			buildSettings = {
				ALWAYS_SEARCH_USER_PATHS = NO;
				CLANG_ANALYZER_NONNULL = YES;
				CLANG_ANALYZER_NUMBER_OBJECT_CONVERSION = YES_AGGRESSIVE;
				CLANG_CXX_LANGUAGE_STANDARD = "gnu++14";
				CLANG_CXX_LIBRARY = "libc++";
				CLANG_ENABLE_MODULES = YES;
				CLANG_ENABLE_OBJC_ARC = YES;
				CLANG_ENABLE_OBJC_WEAK = YES;
				CLANG_WARN_BLOCK_CAPTURE_AUTORELEASING = YES;
				CLANG_WARN_BOOL_CONVERSION = YES;
				CLANG_WARN_COMMA = YES;
				CLANG_WARN_CONSTANT_CONVERSION = YES;
				CLANG_WARN_DEPRECATED_OBJC_IMPLEMENTATIONS = YES;
				CLANG_WARN_DIRECT_OBJC_ISA_USAGE = YES_ERROR;
				CLANG_WARN_DOCUMENTATION_COMMENTS = YES;
				CLANG_WARN_EMPTY_BODY = YES;
				CLANG_WARN_ENUM_CONVERSION = YES;
				CLANG_WARN_INFINITE_RECURSION = YES;
				CLANG_WARN_INT_CONVERSION = YES;
				CLANG_WARN_NON_LITERAL_NULL_CONVERSION = YES;
				CLANG_WARN_OBJC_IMPLICIT_RETAIN_SELF = YES;
				CLANG_WARN_OBJC_LITERAL_CONVERSION = YES;
				CLANG_WARN_OBJC_ROOT_CLASS = YES_ERROR;
				CLANG_WARN_RANGE_LOOP_ANALYSIS = YES;
				CLANG_WARN_STRICT_PROTOTYPES = YES;
				CLANG_WARN_SUSPICIOUS_MOVE = YES;
				CLANG_WARN_UNGUARDED_AVAILABILITY = YES_AGGRESSIVE;
				CLANG_WARN_UNREACHABLE_CODE = YES;
				CLANG_WARN__DUPLICATE_METHOD_MATCH = YES;
				COPY_PHASE_STRIP = NO;
				DEBUG_INFORMATION_FORMAT = "dwarf-with-dsym";
				ENABLE_NS_ASSERTIONS = NO;
				ENABLE_STRICT_OBJC_MSGSEND = YES;
				GCC_C_LANGUAGE_STANDARD = gnu11;
				GCC_NO_COMMON_BLOCKS = YES;
				GCC_WARN_64_TO_32_BIT_CONVERSION = YES;
				GCC_WARN_ABOUT_RETURN_TYPE = YES_ERROR;
				GCC_WARN_UNDECLARED_SELECTOR = YES;
				GCC_WARN_UNINITIALIZED_AUTOS = YES_AGGRESSIVE;
				GCC_WARN_UNUSED_FUNCTION = YES;
				GCC_WARN_UNUSED_VARIABLE = YES;
				IPHONEOS_DEPLOYMENT_TARGET = 13.2;
				MTL_ENABLE_DEBUG_INFO = NO;
				MTL_FAST_MATH = YES;
				SDKROOT = iphoneos;
				SWIFT_COMPILATION_MODE = wholemodule;
				SWIFT_OPTIMIZATION_LEVEL = "-O";
				VALIDATE_PRODUCT = YES;
			};
			name = Release;
		};
		D27095DC23BDD58100FDA3E8 /* Debug */ = {
			isa = XCBuildConfiguration;
			buildSettings = {
				ASSETCATALOG_COMPILER_APPICON_NAME = AppIcon;
				CODE_SIGN_STYLE = Automatic;
				DEVELOPMENT_ASSET_PATHS = "\"demo3/Preview Content\"";
				ENABLE_PREVIEWS = YES;
				INFOPLIST_FILE = demo3/Info.plist;
				LD_RUNPATH_SEARCH_PATHS = (
					"$(inherited)",
					"@executable_path/Frameworks",
				);
				PRODUCT_BUNDLE_IDENTIFIER = com.swift.demo3;
				PRODUCT_NAME = "$(TARGET_NAME)";
				SWIFT_VERSION = 5.0;
				TARGETED_DEVICE_FAMILY = "1,2";
			};
			name = Debug;
		};
		D27095DD23BDD58100FDA3E8 /* Release */ = {
			isa = XCBuildConfiguration;
			buildSettings = {
				ASSETCATALOG_COMPILER_APPICON_NAME = AppIcon;
				CODE_SIGN_STYLE = Automatic;
				DEVELOPMENT_ASSET_PATHS = "\"demo3/Preview Content\"";
				ENABLE_PREVIEWS = YES;
				INFOPLIST_FILE = demo3/Info.plist;
				LD_RUNPATH_SEARCH_PATHS = (
					"$(inherited)",
					"@executable_path/Frameworks",
				);
				PRODUCT_BUNDLE_IDENTIFIER = com.swift.demo3;
				PRODUCT_NAME = "$(TARGET_NAME)";
				SWIFT_VERSION = 5.0;
				TARGETED_DEVICE_FAMILY = "1,2";
			};
			name = Release;
		};
		D27095DF23BDD58100FDA3E8 /* Debug */ = {
			isa = XCBuildConfiguration;
			buildSettings = {
				ALWAYS_EMBED_SWIFT_STANDARD_LIBRARIES = YES;
				BUNDLE_LOADER = "$(TEST_HOST)";
				CODE_SIGN_STYLE = Automatic;
				INFOPLIST_FILE = demo3Tests/Info.plist;
				IPHONEOS_DEPLOYMENT_TARGET = 13.2;
				LD_RUNPATH_SEARCH_PATHS = (
					"$(inherited)",
					"@executable_path/Frameworks",
					"@loader_path/Frameworks",
				);
				PRODUCT_BUNDLE_IDENTIFIER = com.swift.demo3Tests;
				PRODUCT_NAME = "$(TARGET_NAME)";
				SWIFT_VERSION = 5.0;
				TARGETED_DEVICE_FAMILY = "1,2";
				TEST_HOST = "$(BUILT_PRODUCTS_DIR)/demo3.app/demo3";
			};
			name = Debug;
		};
		D27095E023BDD58100FDA3E8 /* Release */ = {
			isa = XCBuildConfiguration;
			buildSettings = {
				ALWAYS_EMBED_SWIFT_STANDARD_LIBRARIES = YES;
				BUNDLE_LOADER = "$(TEST_HOST)";
				CODE_SIGN_STYLE = Automatic;
				INFOPLIST_FILE = demo3Tests/Info.plist;
				IPHONEOS_DEPLOYMENT_TARGET = 13.2;
				LD_RUNPATH_SEARCH_PATHS = (
					"$(inherited)",
					"@executable_path/Frameworks",
					"@loader_path/Frameworks",
				);
				PRODUCT_BUNDLE_IDENTIFIER = com.swift.demo3Tests;
				PRODUCT_NAME = "$(TARGET_NAME)";
				SWIFT_VERSION = 5.0;
				TARGETED_DEVICE_FAMILY = "1,2";
				TEST_HOST = "$(BUILT_PRODUCTS_DIR)/demo3.app/demo3";
			};
			name = Release;
		};
		D27095E223BDD58100FDA3E8 /* Debug */ = {
			isa = XCBuildConfiguration;
			buildSettings = {
				ALWAYS_EMBED_SWIFT_STANDARD_LIBRARIES = YES;
				CODE_SIGN_STYLE = Automatic;
				INFOPLIST_FILE = demo3UITests/Info.plist;
				LD_RUNPATH_SEARCH_PATHS = (
					"$(inherited)",
					"@executable_path/Frameworks",
					"@loader_path/Frameworks",
				);
				PRODUCT_BUNDLE_IDENTIFIER = com.swift.demo3UITests;
				PRODUCT_NAME = "$(TARGET_NAME)";
				SWIFT_VERSION = 5.0;
				TARGETED_DEVICE_FAMILY = "1,2";
				TEST_TARGET_NAME = demo3;
			};
			name = Debug;
		};
		D27095E323BDD58100FDA3E8 /* Release */ = {
			isa = XCBuildConfiguration;
			buildSettings = {
				ALWAYS_EMBED_SWIFT_STANDARD_LIBRARIES = YES;
				CODE_SIGN_STYLE = Automatic;
				INFOPLIST_FILE = demo3UITests/Info.plist;
				LD_RUNPATH_SEARCH_PATHS = (
					"$(inherited)",
					"@executable_path/Frameworks",
					"@loader_path/Frameworks",
				);
				PRODUCT_BUNDLE_IDENTIFIER = com.swift.demo3UITests;
				PRODUCT_NAME = "$(TARGET_NAME)";
				SWIFT_VERSION = 5.0;
				TARGETED_DEVICE_FAMILY = "1,2";
				TEST_TARGET_NAME = demo3;
			};
			name = Release;
		};
/* End XCBuildConfiguration section */

/* Begin XCConfigurationList section */
		D27095AC23BDD57E00FDA3E8 /* Build configuration list for PBXProject "demo3" */ = {
			isa = XCConfigurationList;
			buildConfigurations = (
				D27095D923BDD58100FDA3E8 /* Debug */,
				D27095DA23BDD58100FDA3E8 /* Release */,
			);
			defaultConfigurationIsVisible = 0;
			defaultConfigurationName = Release;
		};
		D27095DB23BDD58100FDA3E8 /* Build configuration list for PBXNativeTarget "demo3" */ = {
			isa = XCConfigurationList;
			buildConfigurations = (
				D27095DC23BDD58100FDA3E8 /* Debug */,
				D27095DD23BDD58100FDA3E8 /* Release */,
			);
			defaultConfigurationIsVisible = 0;
			defaultConfigurationName = Release;
		};
		D27095DE23BDD58100FDA3E8 /* Build configuration list for PBXNativeTarget "demo3Tests" */ = {
			isa = XCConfigurationList;
			buildConfigurations = (
				D27095DF23BDD58100FDA3E8 /* Debug */,
				D27095E023BDD58100FDA3E8 /* Release */,
			);
			defaultConfigurationIsVisible = 0;
			defaultConfigurationName = Release;
		};
		D27095E123BDD58100FDA3E8 /* Build configuration list for PBXNativeTarget "demo3UITests" */ = {
			isa = XCConfigurationList;
			buildConfigurations = (
				D27095E223BDD58100FDA3E8 /* Debug */,
				D27095E323BDD58100FDA3E8 /* Release */,
			);
			defaultConfigurationIsVisible = 0;
			defaultConfigurationName = Release;
		};
/* End XCConfigurationList section */
	};
	rootObject = D27095A923BDD57E00FDA3E8 /* Project object */;
}
